// !$*UTF8*$!
{
	archiveVersion = 1;
	classes = {
	};
	objectVersion = 55;
	objects = {

/* Begin PBXBuildFile section */
		A3027A2B2B09AE54009C644F /* DepthConfiguration.swift in Sources */ = {isa = PBXBuildFile; fileRef = A3027A2A2B09AE54009C644F /* DepthConfiguration.swift */; };
		A3027A342B09F474009C644F /* ImageView.swift in Sources */ = {isa = PBXBuildFile; fileRef = A3027A332B09F474009C644F /* ImageView.swift */; };
		A3027A3B2B09F61A009C644F /* SettingsView.swift in Sources */ = {isa = PBXBuildFile; fileRef = A3027A3A2B09F61A009C644F /* SettingsView.swift */; };
		A3846CC32AFCC68400A720E9 /* CameraCapturedData.swift in Sources */ = {isa = PBXBuildFile; fileRef = A3846CC22AFCC68400A720E9 /* CameraCapturedData.swift */; };
		A3846CC52AFCC6BA00A720E9 /* ClassificationData.swift in Sources */ = {isa = PBXBuildFile; fileRef = A3846CC42AFCC6BA00A720E9 /* ClassificationData.swift */; };
		A3AE2FCF2B0A052400DCDC7A /* SliderDepthBoundary.swift in Sources */ = {isa = PBXBuildFile; fileRef = A3AE2FCE2B0A052400DCDC7A /* SliderDepthBoundary.swift */; };
		A3AE2FE52B0F594B00DCDC7A /* FCRNFP16.mlmodel in Sources */ = {isa = PBXBuildFile; fileRef = A3AE2FE22B0F594B00DCDC7A /* FCRNFP16.mlmodel */; };
		A3AE2FE62B0F594B00DCDC7A /* Inceptionv3.mlmodel in Sources */ = {isa = PBXBuildFile; fileRef = A3AE2FE32B0F594B00DCDC7A /* Inceptionv3.mlmodel */; };
		A3AE2FE72B0F594B00DCDC7A /* YOLOv3.mlmodel in Sources */ = {isa = PBXBuildFile; fileRef = A3AE2FE42B0F594B00DCDC7A /* YOLOv3.mlmodel */; };
		A3AE2FE92B0F5E0A00DCDC7A /* TemplateLabelNode.swift in Sources */ = {isa = PBXBuildFile; fileRef = A3AE2FE82B0F5E0A00DCDC7A /* TemplateLabelNode.swift */; };
		A3AE2FEB2B0F5E3800DCDC7A /* StatusViewController.swift in Sources */ = {isa = PBXBuildFile; fileRef = A3AE2FEA2B0F5E3800DCDC7A /* StatusViewController.swift */; };
		A3AE2FED2B0F6CEA00DCDC7A /* LabelScene.sks in Resources */ = {isa = PBXBuildFile; fileRef = A3AE2FEC2B0F6CEA00DCDC7A /* LabelScene.sks */; };
		A3AE2FF22B0FF08800DCDC7A /* ClassificationController.swift in Sources */ = {isa = PBXBuildFile; fileRef = A3AE2FF12B0FF08800DCDC7A /* ClassificationController.swift */; };
		A3AE2FF42B0FF0A800DCDC7A /* ARController.swift in Sources */ = {isa = PBXBuildFile; fileRef = A3AE2FF32B0FF0A800DCDC7A /* ARController.swift */; };
		A3AE2FF62B0FF0C000DCDC7A /* CameraDepthController.swift in Sources */ = {isa = PBXBuildFile; fileRef = A3AE2FF52B0FF0C000DCDC7A /* CameraDepthController.swift */; };
		A3AE2FF82B0FF29300DCDC7A /* ARView.swift in Sources */ = {isa = PBXBuildFile; fileRef = A3AE2FF72B0FF29300DCDC7A /* ARView.swift */; };
		A3AE2FFB2B10013100DCDC7A /* CameraDepthManager.swift in Sources */ = {isa = PBXBuildFile; fileRef = A3AE2FFA2B10013100DCDC7A /* CameraDepthManager.swift */; };
		A3AE2FFE2B10547000DCDC7A /* Settings.swift in Sources */ = {isa = PBXBuildFile; fileRef = A3AE2FFD2B10547000DCDC7A /* Settings.swift */; };
		A3C1181E2AFC528700FC4F23 /* BoundingBoxView.swift in Sources */ = {isa = PBXBuildFile; fileRef = A3C1181D2AFC528700FC4F23 /* BoundingBoxView.swift */; };
		A3C118202AFC935100FC4F23 /* ClassificationText.swift in Sources */ = {isa = PBXBuildFile; fileRef = A3C1181F2AFC935100FC4F23 /* ClassificationText.swift */; };
		AE2C81C3273961FF001BDCC7 /* MetalTextureView.swift in Sources */ = {isa = PBXBuildFile; fileRef = AE921D37270D7B41000E95C6 /* MetalTextureView.swift */; };
		AE2C81C52739620A001BDCC7 /* MetalTextureViewDepth.swift in Sources */ = {isa = PBXBuildFile; fileRef = AE7889B0271F02D800B0383F /* MetalTextureViewDepth.swift */; };
		AE2C81C62739620E001BDCC7 /* MetalTextureViewColor.swift in Sources */ = {isa = PBXBuildFile; fileRef = AEC88718272EA8E600ED6FCC /* MetalTextureViewColor.swift */; };
		AE2C81C927396765001BDCC7 /* View+Extensions.swift in Sources */ = {isa = PBXBuildFile; fileRef = AE2C81C827396765001BDCC7 /* View+Extensions.swift */; };
		AE5D416F2756041300B2513E /* MetalEnvironment.swift in Sources */ = {isa = PBXBuildFile; fileRef = AE5D416E2756041300B2513E /* MetalEnvironment.swift */; };
		AE8A362E27313F9C000B43A7 /* MetalContentView.swift in Sources */ = {isa = PBXBuildFile; fileRef = AEAC8EBA272914AA001CC1D5 /* MetalContentView.swift */; };
		AE921D2A270D7B02000E95C6 /* ClarifEye.swift in Sources */ = {isa = PBXBuildFile; fileRef = AE921D29270D7B02000E95C6 /* ClarifEye.swift */; };
		AE921D2C270D7B02000E95C6 /* ContentView.swift in Sources */ = {isa = PBXBuildFile; fileRef = AE921D2B270D7B02000E95C6 /* ContentView.swift */; };
		AE921D2E270D7B04000E95C6 /* Assets.xcassets in Resources */ = {isa = PBXBuildFile; fileRef = AE921D2D270D7B04000E95C6 /* Assets.xcassets */; };
		AE921D31270D7B04000E95C6 /* Preview Assets.xcassets in Resources */ = {isa = PBXBuildFile; fileRef = AE921D30270D7B04000E95C6 /* Preview Assets.xcassets */; };
		AE9AD789270ECC86001218B2 /* shaders.metal in Sources */ = {isa = PBXBuildFile; fileRef = AE9AD788270ECC86001218B2 /* shaders.metal */; };
		AEAC8EBD27291512001CC1D5 /* CVPixelBuffer+Extension.swift in Sources */ = {isa = PBXBuildFile; fileRef = AEAC8EBC27291512001CC1D5 /* CVPixelBuffer+Extension.swift */; };
		AEE83E902743EFE900790BF9 /* DepthOverlay.swift in Sources */ = {isa = PBXBuildFile; fileRef = AEE83E8F2743EFE800790BF9 /* DepthOverlay.swift */; };
/* End PBXBuildFile section */

/* Begin PBXFileReference section */
		A3027A2A2B09AE54009C644F /* DepthConfiguration.swift */ = {isa = PBXFileReference; lastKnownFileType = sourcecode.swift; path = DepthConfiguration.swift; sourceTree = "<group>"; };
		A3027A332B09F474009C644F /* ImageView.swift */ = {isa = PBXFileReference; lastKnownFileType = sourcecode.swift; path = ImageView.swift; sourceTree = "<group>"; };
		A3027A3A2B09F61A009C644F /* SettingsView.swift */ = {isa = PBXFileReference; lastKnownFileType = sourcecode.swift; path = SettingsView.swift; sourceTree = "<group>"; };
		A3846CC22AFCC68400A720E9 /* CameraCapturedData.swift */ = {isa = PBXFileReference; lastKnownFileType = sourcecode.swift; path = CameraCapturedData.swift; sourceTree = "<group>"; };
		A3846CC42AFCC6BA00A720E9 /* ClassificationData.swift */ = {isa = PBXFileReference; lastKnownFileType = sourcecode.swift; path = ClassificationData.swift; sourceTree = "<group>"; };
		A3AE2FCE2B0A052400DCDC7A /* SliderDepthBoundary.swift */ = {isa = PBXFileReference; lastKnownFileType = sourcecode.swift; path = SliderDepthBoundary.swift; sourceTree = "<group>"; };
		A3AE2FE22B0F594B00DCDC7A /* FCRNFP16.mlmodel */ = {isa = PBXFileReference; lastKnownFileType = file.mlmodel; name = FCRNFP16.mlmodel; path = Models/FCRNFP16.mlmodel; sourceTree = "<group>"; };
		A3AE2FE32B0F594B00DCDC7A /* Inceptionv3.mlmodel */ = {isa = PBXFileReference; lastKnownFileType = file.mlmodel; name = Inceptionv3.mlmodel; path = Models/Inceptionv3.mlmodel; sourceTree = "<group>"; };
		A3AE2FE42B0F594B00DCDC7A /* YOLOv3.mlmodel */ = {isa = PBXFileReference; lastKnownFileType = file.mlmodel; name = YOLOv3.mlmodel; path = Models/YOLOv3.mlmodel; sourceTree = "<group>"; };
		A3AE2FE82B0F5E0A00DCDC7A /* TemplateLabelNode.swift */ = {isa = PBXFileReference; lastKnownFileType = sourcecode.swift; path = TemplateLabelNode.swift; sourceTree = "<group>"; };
		A3AE2FEA2B0F5E3800DCDC7A /* StatusViewController.swift */ = {isa = PBXFileReference; lastKnownFileType = sourcecode.swift; path = StatusViewController.swift; sourceTree = "<group>"; };
		A3AE2FEC2B0F6CEA00DCDC7A /* LabelScene.sks */ = {isa = PBXFileReference; lastKnownFileType = file.sks; path = LabelScene.sks; sourceTree = "<group>"; };
		A3AE2FF12B0FF08800DCDC7A /* ClassificationController.swift */ = {isa = PBXFileReference; lastKnownFileType = sourcecode.swift; path = ClassificationController.swift; sourceTree = "<group>"; };
		A3AE2FF32B0FF0A800DCDC7A /* ARController.swift */ = {isa = PBXFileReference; lastKnownFileType = sourcecode.swift; path = ARController.swift; sourceTree = "<group>"; };
		A3AE2FF52B0FF0C000DCDC7A /* CameraDepthController.swift */ = {isa = PBXFileReference; lastKnownFileType = sourcecode.swift; path = CameraDepthController.swift; sourceTree = "<group>"; };
		A3AE2FF72B0FF29300DCDC7A /* ARView.swift */ = {isa = PBXFileReference; lastKnownFileType = sourcecode.swift; path = ARView.swift; sourceTree = "<group>"; };
		A3AE2FFA2B10013100DCDC7A /* CameraDepthManager.swift */ = {isa = PBXFileReference; lastKnownFileType = sourcecode.swift; path = CameraDepthManager.swift; sourceTree = "<group>"; };
		A3AE2FFD2B10547000DCDC7A /* Settings.swift */ = {isa = PBXFileReference; lastKnownFileType = sourcecode.swift; path = Settings.swift; sourceTree = "<group>"; };
		A3C1181D2AFC528700FC4F23 /* BoundingBoxView.swift */ = {isa = PBXFileReference; lastKnownFileType = sourcecode.swift; path = BoundingBoxView.swift; sourceTree = "<group>"; };
		A3C1181F2AFC935100FC4F23 /* ClassificationText.swift */ = {isa = PBXFileReference; lastKnownFileType = sourcecode.swift; path = ClassificationText.swift; sourceTree = "<group>"; };
		AE18F046274A126C008BC9E3 /* AVFCapture.framework */ = {isa = PBXFileReference; explicitFileType = wrapper.framework; path = AVFCapture.framework; sourceTree = BUILT_PRODUCTS_DIR; };
		AE18F048274A1272008BC9E3 /* CMCapture.framework */ = {isa = PBXFileReference; explicitFileType = wrapper.framework; path = CMCapture.framework; sourceTree = BUILT_PRODUCTS_DIR; };
		AE2C81C827396765001BDCC7 /* View+Extensions.swift */ = {isa = PBXFileReference; lastKnownFileType = sourcecode.swift; path = "View+Extensions.swift"; sourceTree = "<group>"; };
		AE5D416E2756041300B2513E /* MetalEnvironment.swift */ = {isa = PBXFileReference; lastKnownFileType = sourcecode.swift; path = MetalEnvironment.swift; sourceTree = "<group>"; };
		AE7889AD271DB86E00B0383F /* Info.plist */ = {isa = PBXFileReference; lastKnownFileType = text.plist; path = Info.plist; sourceTree = "<group>"; };
		AE7889B0271F02D800B0383F /* MetalTextureViewDepth.swift */ = {isa = PBXFileReference; fileEncoding = 4; lastKnownFileType = sourcecode.swift; path = MetalTextureViewDepth.swift; sourceTree = "<group>"; };
		AE921D26270D7B02000E95C6 /* ClarifEye.app */ = {isa = PBXFileReference; explicitFileType = wrapper.application; includeInIndex = 0; path = ClarifEye.app; sourceTree = BUILT_PRODUCTS_DIR; };
		AE921D29270D7B02000E95C6 /* ClarifEye.swift */ = {isa = PBXFileReference; lastKnownFileType = sourcecode.swift; path = ClarifEye.swift; sourceTree = "<group>"; };
		AE921D2B270D7B02000E95C6 /* ContentView.swift */ = {isa = PBXFileReference; lastKnownFileType = sourcecode.swift; path = ContentView.swift; sourceTree = "<group>"; };
		AE921D2D270D7B04000E95C6 /* Assets.xcassets */ = {isa = PBXFileReference; lastKnownFileType = folder.assetcatalog; path = Assets.xcassets; sourceTree = "<group>"; };
		AE921D30270D7B04000E95C6 /* Preview Assets.xcassets */ = {isa = PBXFileReference; lastKnownFileType = folder.assetcatalog; path = "Preview Assets.xcassets"; sourceTree = "<group>"; };
		AE921D37270D7B41000E95C6 /* MetalTextureView.swift */ = {isa = PBXFileReference; lastKnownFileType = sourcecode.swift; path = MetalTextureView.swift; sourceTree = "<group>"; };
		AE9AD788270ECC86001218B2 /* shaders.metal */ = {isa = PBXFileReference; fileEncoding = 4; lastKnownFileType = sourcecode.metal; path = shaders.metal; sourceTree = "<group>"; };
		AEA6FCEF272AED0C002947D4 /* AppleDepth.framework */ = {isa = PBXFileReference; explicitFileType = wrapper.framework; path = AppleDepth.framework; sourceTree = BUILT_PRODUCTS_DIR; };
		AEAC8EBA272914AA001CC1D5 /* MetalContentView.swift */ = {isa = PBXFileReference; lastKnownFileType = sourcecode.swift; path = MetalContentView.swift; sourceTree = "<group>"; };
		AEAC8EBC27291512001CC1D5 /* CVPixelBuffer+Extension.swift */ = {isa = PBXFileReference; lastKnownFileType = sourcecode.swift; path = "CVPixelBuffer+Extension.swift"; sourceTree = "<group>"; };
		AEC88718272EA8E600ED6FCC /* MetalTextureViewColor.swift */ = {isa = PBXFileReference; lastKnownFileType = sourcecode.swift; path = MetalTextureViewColor.swift; sourceTree = "<group>"; };
		AEE83E8F2743EFE800790BF9 /* DepthOverlay.swift */ = {isa = PBXFileReference; lastKnownFileType = sourcecode.swift; path = DepthOverlay.swift; sourceTree = "<group>"; };
		D0C5477C199C5F5C91FCD321 /* README.md */ = {isa = PBXFileReference; lastKnownFileType = net.daringfireball.markdown; path = README.md; sourceTree = "<group>"; };
/* End PBXFileReference section */

/* Begin PBXFrameworksBuildPhase section */
		AE921D23270D7B02000E95C6 /* Frameworks */ = {
			isa = PBXFrameworksBuildPhase;
			buildActionMask = 2147483647;
			files = (
			);
			runOnlyForDeploymentPostprocessing = 0;
		};
/* End PBXFrameworksBuildPhase section */

/* Begin PBXGroup section */
		A3027A352B09F48B009C644F /* Common */ = {
			isa = PBXGroup;
			children = (
				A3C1181D2AFC528700FC4F23 /* BoundingBoxView.swift */,
				A3C1181F2AFC935100FC4F23 /* ClassificationText.swift */,
				A3AE2FCE2B0A052400DCDC7A /* SliderDepthBoundary.swift */,
			);
			path = Common;
			sourceTree = "<group>";
		};
		A37940AB2AF0A3AD0064540A /* Models */ = {
			isa = PBXGroup;
			children = (
				A3AE2FE22B0F594B00DCDC7A /* FCRNFP16.mlmodel */,
				A3AE2FE32B0F594B00DCDC7A /* Inceptionv3.mlmodel */,
				A3AE2FE42B0F594B00DCDC7A /* YOLOv3.mlmodel */,
			);
			name = Models;
			sourceTree = "<group>";
		};
		A3846CBD2AFCBF8B00A720E9 /* Components */ = {
			isa = PBXGroup;
			children = (
				A3AE30002B10855C00DCDC7A /* Vision */,
				A3AE2FFF2B10855100DCDC7A /* Settings */,
				A3027A352B09F48B009C644F /* Common */,
			);
			path = Components;
			sourceTree = "<group>";
		};
		A3846CC02AFCC64900A720E9 /* Types */ = {
			isa = PBXGroup;
			children = (
				A3846CC22AFCC68400A720E9 /* CameraCapturedData.swift */,
				A3846CC42AFCC6BA00A720E9 /* ClassificationData.swift */,
				A3027A2A2B09AE54009C644F /* DepthConfiguration.swift */,
				A3AE2FFD2B10547000DCDC7A /* Settings.swift */,
			);
			path = Types;
			sourceTree = "<group>";
		};
		A3AE2FEE2B0FEFAB00DCDC7A /* Controllers */ = {
			isa = PBXGroup;
			children = (
				A3AE2FFA2B10013100DCDC7A /* CameraDepthManager.swift */,
				A3AE2FF92B0FFA5600DCDC7A /* Classification */,
				A3AE2FEF2B0FF00900DCDC7A /* AR */,
			);
			path = Controllers;
			sourceTree = "<group>";
		};
		A3AE2FEF2B0FF00900DCDC7A /* AR */ = {
			isa = PBXGroup;
			children = (
				A3AE2FE82B0F5E0A00DCDC7A /* TemplateLabelNode.swift */,
				A3AE2FEA2B0F5E3800DCDC7A /* StatusViewController.swift */,
				A3AE2FF32B0FF0A800DCDC7A /* ARController.swift */,
			);
			path = AR;
			sourceTree = "<group>";
		};
		A3AE2FF02B0FF01200DCDC7A /* CameraDepth */ = {
			isa = PBXGroup;
			children = (
				AEAC8EBC27291512001CC1D5 /* CVPixelBuffer+Extension.swift */,
				A3AE2FF52B0FF0C000DCDC7A /* CameraDepthController.swift */,
			);
			path = CameraDepth;
			sourceTree = "<group>";
		};
		A3AE2FF92B0FFA5600DCDC7A /* Classification */ = {
			isa = PBXGroup;
			children = (
				A3AE2FF12B0FF08800DCDC7A /* ClassificationController.swift */,
				A3AE2FF02B0FF01200DCDC7A /* CameraDepth */,
			);
			path = Classification;
			sourceTree = "<group>";
		};
		A3AE2FFF2B10855100DCDC7A /* Settings */ = {
			isa = PBXGroup;
			children = (
				A3027A3A2B09F61A009C644F /* SettingsView.swift */,
			);
			path = Settings;
			sourceTree = "<group>";
		};
		A3AE30002B10855C00DCDC7A /* Vision */ = {
			isa = PBXGroup;
			children = (
				A3AE2FF72B0FF29300DCDC7A /* ARView.swift */,
				A3027A332B09F474009C644F /* ImageView.swift */,
				AEE83E8F2743EFE800790BF9 /* DepthOverlay.swift */,
			);
			path = Vision;
			sourceTree = "<group>";
		};
		AE921D1D270D7B02000E95C6 = {
			isa = PBXGroup;
			children = (
				D0C5477C199C5F5C91FCD321 /* README.md */,
				AE921D28270D7B02000E95C6 /* ClarifEye */,
				AE921D27270D7B02000E95C6 /* Products */,
				AEA6FCEE272AED0C002947D4 /* Frameworks */,
			);
			sourceTree = "<group>";
		};
		AE921D27270D7B02000E95C6 /* Products */ = {
			isa = PBXGroup;
			children = (
				AE921D26270D7B02000E95C6 /* ClarifEye.app */,
			);
			name = Products;
			sourceTree = "<group>";
		};
		AE921D28270D7B02000E95C6 /* ClarifEye */ = {
			isa = PBXGroup;
			children = (
				A3AE2FEE2B0FEFAB00DCDC7A /* Controllers */,
				A3AE2FEC2B0F6CEA00DCDC7A /* LabelScene.sks */,
				A3846CC02AFCC64900A720E9 /* Types */,
				A37940AB2AF0A3AD0064540A /* Models */,
				AEC8871B272EB01200ED6FCC /* Views */,
				AE921D29270D7B02000E95C6 /* ClarifEye.swift */,
				AE921D2D270D7B04000E95C6 /* Assets.xcassets */,
				AE7889AD271DB86E00B0383F /* Info.plist */,
				AE921D2F270D7B04000E95C6 /* Preview Content */,
			);
			path = ClarifEye;
			sourceTree = "<group>";
		};
		AE921D2F270D7B04000E95C6 /* Preview Content */ = {
			isa = PBXGroup;
			children = (
				AE921D30270D7B04000E95C6 /* Preview Assets.xcassets */,
			);
			path = "Preview Content";
			sourceTree = "<group>";
		};
		AEA6FCEE272AED0C002947D4 /* Frameworks */ = {
			isa = PBXGroup;
			children = (
				AE18F048274A1272008BC9E3 /* CMCapture.framework */,
				AE18F046274A126C008BC9E3 /* AVFCapture.framework */,
				AEA6FCEF272AED0C002947D4 /* AppleDepth.framework */,
			);
			name = Frameworks;
			sourceTree = "<group>";
		};
		AEC8871A272EAFF200ED6FCC /* Metal */ = {
			isa = PBXGroup;
			children = (
				C444DFC127C4306D000D8883 /* Shaders */,
				AE5D416E2756041300B2513E /* MetalEnvironment.swift */,
				AEAC8EBA272914AA001CC1D5 /* MetalContentView.swift */,
				AE921D37270D7B41000E95C6 /* MetalTextureView.swift */,
				AE7889B0271F02D800B0383F /* MetalTextureViewDepth.swift */,
				AEC88718272EA8E600ED6FCC /* MetalTextureViewColor.swift */,
			);
			path = Metal;
			sourceTree = "<group>";
		};
		AEC8871B272EB01200ED6FCC /* Views */ = {
			isa = PBXGroup;
			children = (
				A3846CBD2AFCBF8B00A720E9 /* Components */,
				AE921D2B270D7B02000E95C6 /* ContentView.swift */,
				AE2C81C827396765001BDCC7 /* View+Extensions.swift */,
				AEC8871A272EAFF200ED6FCC /* Metal */,
			);
			path = Views;
			sourceTree = "<group>";
		};
		C444DFC127C4306D000D8883 /* Shaders */ = {
			isa = PBXGroup;
			children = (
				AE9AD788270ECC86001218B2 /* shaders.metal */,
			);
			path = Shaders;
			sourceTree = "<group>";
		};
/* End PBXGroup section */

/* Begin PBXNativeTarget section */
		AE921D25270D7B02000E95C6 /* ClarifEye */ = {
			isa = PBXNativeTarget;
			buildConfigurationList = AE921D34270D7B04000E95C6 /* Build configuration list for PBXNativeTarget "ClarifEye" */;
			buildPhases = (
				AE921D22270D7B02000E95C6 /* Sources */,
				AE921D23270D7B02000E95C6 /* Frameworks */,
				AE921D24270D7B02000E95C6 /* Resources */,
			);
			buildRules = (
			);
			dependencies = (
			);
			name = ClarifEye;
			productName = DepthAPISample;
			productReference = AE921D26270D7B02000E95C6 /* ClarifEye.app */;
			productType = "com.apple.product-type.application";
		};
/* End PBXNativeTarget section */

/* Begin PBXProject section */
		AE921D1E270D7B02000E95C6 /* Project object */ = {
			isa = PBXProject;
			attributes = {
				BuildIndependentTargetsInParallel = 1;
				LastSwiftUpdateCheck = 1320;
				LastUpgradeCheck = 1320;
				ORGANIZATIONNAME = Apple;
				TargetAttributes = {
					AE921D25270D7B02000E95C6 = {
						CreatedOnToolsVersion = 13.2;
						LastSwiftMigration = 1320;
					};
				};
			};
			buildConfigurationList = AE921D21270D7B02000E95C6 /* Build configuration list for PBXProject "ClarifEye" */;
			compatibilityVersion = "Xcode 13.0";
			developmentRegion = en;
			hasScannedForEncodings = 0;
			knownRegions = (
				en,
				Base,
			);
			mainGroup = AE921D1D270D7B02000E95C6;
			productRefGroup = AE921D27270D7B02000E95C6 /* Products */;
			projectDirPath = "";
			projectRoot = "";
			targets = (
				AE921D25270D7B02000E95C6 /* ClarifEye */,
			);
		};
/* End PBXProject section */

/* Begin PBXResourcesBuildPhase section */
		AE921D24270D7B02000E95C6 /* Resources */ = {
			isa = PBXResourcesBuildPhase;
			buildActionMask = 2147483647;
			files = (
				AE921D31270D7B04000E95C6 /* Preview Assets.xcassets in Resources */,
				A3AE2FED2B0F6CEA00DCDC7A /* LabelScene.sks in Resources */,
				AE921D2E270D7B04000E95C6 /* Assets.xcassets in Resources */,
			);
			runOnlyForDeploymentPostprocessing = 0;
		};
/* End PBXResourcesBuildPhase section */

/* Begin PBXSourcesBuildPhase section */
		AE921D22270D7B02000E95C6 /* Sources */ = {
			isa = PBXSourcesBuildPhase;
			buildActionMask = 2147483647;
			files = (
				A3027A2B2B09AE54009C644F /* DepthConfiguration.swift in Sources */,
				A3AE2FF22B0FF08800DCDC7A /* ClassificationController.swift in Sources */,
				AEAC8EBD27291512001CC1D5 /* CVPixelBuffer+Extension.swift in Sources */,
				A3846CC52AFCC6BA00A720E9 /* ClassificationData.swift in Sources */,
				A3AE2FE72B0F594B00DCDC7A /* YOLOv3.mlmodel in Sources */,
				AE9AD789270ECC86001218B2 /* shaders.metal in Sources */,
				A3C1181E2AFC528700FC4F23 /* BoundingBoxView.swift in Sources */,
				A3846CC32AFCC68400A720E9 /* CameraCapturedData.swift in Sources */,
				A3C118202AFC935100FC4F23 /* ClassificationText.swift in Sources */,
				AE2C81C62739620E001BDCC7 /* MetalTextureViewColor.swift in Sources */,
				A3AE2FFB2B10013100DCDC7A /* CameraDepthManager.swift in Sources */,
				AE5D416F2756041300B2513E /* MetalEnvironment.swift in Sources */,
				AE8A362E27313F9C000B43A7 /* MetalContentView.swift in Sources */,
				AEE83E902743EFE900790BF9 /* DepthOverlay.swift in Sources */,
				A3AE2FF42B0FF0A800DCDC7A /* ARController.swift in Sources */,
				A3027A342B09F474009C644F /* ImageView.swift in Sources */,
				AE2C81C927396765001BDCC7 /* View+Extensions.swift in Sources */,
				A3AE2FEB2B0F5E3800DCDC7A /* StatusViewController.swift in Sources */,
				A3AE2FE62B0F594B00DCDC7A /* Inceptionv3.mlmodel in Sources */,
				A3AE2FCF2B0A052400DCDC7A /* SliderDepthBoundary.swift in Sources */,
				A3AE2FE92B0F5E0A00DCDC7A /* TemplateLabelNode.swift in Sources */,
				AE2C81C52739620A001BDCC7 /* MetalTextureViewDepth.swift in Sources */,
				A3AE2FF82B0FF29300DCDC7A /* ARView.swift in Sources */,
				AE921D2C270D7B02000E95C6 /* ContentView.swift in Sources */,
				A3AE2FFE2B10547000DCDC7A /* Settings.swift in Sources */,
				A3AE2FF62B0FF0C000DCDC7A /* CameraDepthController.swift in Sources */,
				AE2C81C3273961FF001BDCC7 /* MetalTextureView.swift in Sources */,
				AE921D2A270D7B02000E95C6 /* ClarifEye.swift in Sources */,
				A3AE2FE52B0F594B00DCDC7A /* FCRNFP16.mlmodel in Sources */,
				A3027A3B2B09F61A009C644F /* SettingsView.swift in Sources */,
			);
			runOnlyForDeploymentPostprocessing = 0;
		};
/* End PBXSourcesBuildPhase section */

/* Begin XCBuildConfiguration section */
		AE921D32270D7B04000E95C6 /* Debug */ = {
			isa = XCBuildConfiguration;
			buildSettings = {
				ALWAYS_SEARCH_USER_PATHS = NO;
				CLANG_ANALYZER_NONNULL = YES;
				CLANG_ANALYZER_NUMBER_OBJECT_CONVERSION = YES_AGGRESSIVE;
				CLANG_CXX_LANGUAGE_STANDARD = "gnu++17";
				CLANG_CXX_LIBRARY = "libc++";
				CLANG_ENABLE_MODULES = YES;
				CLANG_ENABLE_OBJC_ARC = YES;
				CLANG_ENABLE_OBJC_WEAK = YES;
				CLANG_WARN_BLOCK_CAPTURE_AUTORELEASING = YES;
				CLANG_WARN_BOOL_CONVERSION = YES;
				CLANG_WARN_COMMA = YES;
				CLANG_WARN_CONSTANT_CONVERSION = YES;
				CLANG_WARN_DEPRECATED_OBJC_IMPLEMENTATIONS = YES;
				CLANG_WARN_DIRECT_OBJC_ISA_USAGE = YES_ERROR;
				CLANG_WARN_DOCUMENTATION_COMMENTS = YES;
				CLANG_WARN_EMPTY_BODY = YES;
				CLANG_WARN_ENUM_CONVERSION = YES;
				CLANG_WARN_INFINITE_RECURSION = YES;
				CLANG_WARN_INT_CONVERSION = YES;
				CLANG_WARN_NON_LITERAL_NULL_CONVERSION = YES;
				CLANG_WARN_OBJC_IMPLICIT_RETAIN_SELF = YES;
				CLANG_WARN_OBJC_LITERAL_CONVERSION = YES;
				CLANG_WARN_OBJC_ROOT_CLASS = YES_ERROR;
				CLANG_WARN_QUOTED_INCLUDE_IN_FRAMEWORK_HEADER = YES;
				CLANG_WARN_RANGE_LOOP_ANALYSIS = YES;
				CLANG_WARN_STRICT_PROTOTYPES = YES;
				CLANG_WARN_SUSPICIOUS_MOVE = YES;
				CLANG_WARN_UNGUARDED_AVAILABILITY = YES_AGGRESSIVE;
				CLANG_WARN_UNREACHABLE_CODE = YES;
				CLANG_WARN__DUPLICATE_METHOD_MATCH = YES;
				COPY_PHASE_STRIP = NO;
				DEBUG_INFORMATION_FORMAT = dwarf;
				ENABLE_STRICT_OBJC_MSGSEND = YES;
				ENABLE_TESTABILITY = YES;
				GCC_C_LANGUAGE_STANDARD = gnu11;
				GCC_DYNAMIC_NO_PIC = NO;
				GCC_NO_COMMON_BLOCKS = YES;
				GCC_OPTIMIZATION_LEVEL = 0;
				GCC_PREPROCESSOR_DEFINITIONS = (
					"DEBUG=1",
					"$(inherited)",
				);
				GCC_WARN_64_TO_32_BIT_CONVERSION = YES;
				GCC_WARN_ABOUT_RETURN_TYPE = YES_ERROR;
				GCC_WARN_UNDECLARED_SELECTOR = YES;
				GCC_WARN_UNINITIALIZED_AUTOS = YES_AGGRESSIVE;
				GCC_WARN_UNUSED_FUNCTION = YES;
				GCC_WARN_UNUSED_VARIABLE = YES;
				IPHONEOS_DEPLOYMENT_TARGET = 15.4;
				MTL_ENABLE_DEBUG_INFO = INCLUDE_SOURCE;
				MTL_FAST_MATH = YES;
				ONLY_ACTIVE_ARCH = YES;
				SDKROOT = iphoneos;
				SWIFT_ACTIVE_COMPILATION_CONDITIONS = DEBUG;
				SWIFT_OPTIMIZATION_LEVEL = "-Onone";
			};
			name = Debug;
		};
		AE921D33270D7B04000E95C6 /* Release */ = {
			isa = XCBuildConfiguration;
			buildSettings = {
				ALWAYS_SEARCH_USER_PATHS = NO;
				CLANG_ANALYZER_NONNULL = YES;
				CLANG_ANALYZER_NUMBER_OBJECT_CONVERSION = YES_AGGRESSIVE;
				CLANG_CXX_LANGUAGE_STANDARD = "gnu++17";
				CLANG_CXX_LIBRARY = "libc++";
				CLANG_ENABLE_MODULES = YES;
				CLANG_ENABLE_OBJC_ARC = YES;
				CLANG_ENABLE_OBJC_WEAK = YES;
				CLANG_WARN_BLOCK_CAPTURE_AUTORELEASING = YES;
				CLANG_WARN_BOOL_CONVERSION = YES;
				CLANG_WARN_COMMA = YES;
				CLANG_WARN_CONSTANT_CONVERSION = YES;
				CLANG_WARN_DEPRECATED_OBJC_IMPLEMENTATIONS = YES;
				CLANG_WARN_DIRECT_OBJC_ISA_USAGE = YES_ERROR;
				CLANG_WARN_DOCUMENTATION_COMMENTS = YES;
				CLANG_WARN_EMPTY_BODY = YES;
				CLANG_WARN_ENUM_CONVERSION = YES;
				CLANG_WARN_INFINITE_RECURSION = YES;
				CLANG_WARN_INT_CONVERSION = YES;
				CLANG_WARN_NON_LITERAL_NULL_CONVERSION = YES;
				CLANG_WARN_OBJC_IMPLICIT_RETAIN_SELF = YES;
				CLANG_WARN_OBJC_LITERAL_CONVERSION = YES;
				CLANG_WARN_OBJC_ROOT_CLASS = YES_ERROR;
				CLANG_WARN_QUOTED_INCLUDE_IN_FRAMEWORK_HEADER = YES;
				CLANG_WARN_RANGE_LOOP_ANALYSIS = YES;
				CLANG_WARN_STRICT_PROTOTYPES = YES;
				CLANG_WARN_SUSPICIOUS_MOVE = YES;
				CLANG_WARN_UNGUARDED_AVAILABILITY = YES_AGGRESSIVE;
				CLANG_WARN_UNREACHABLE_CODE = YES;
				CLANG_WARN__DUPLICATE_METHOD_MATCH = YES;
				COPY_PHASE_STRIP = NO;
				DEBUG_INFORMATION_FORMAT = "dwarf-with-dsym";
				ENABLE_NS_ASSERTIONS = NO;
				ENABLE_STRICT_OBJC_MSGSEND = YES;
				GCC_C_LANGUAGE_STANDARD = gnu11;
				GCC_NO_COMMON_BLOCKS = YES;
				GCC_WARN_64_TO_32_BIT_CONVERSION = YES;
				GCC_WARN_ABOUT_RETURN_TYPE = YES_ERROR;
				GCC_WARN_UNDECLARED_SELECTOR = YES;
				GCC_WARN_UNINITIALIZED_AUTOS = YES_AGGRESSIVE;
				GCC_WARN_UNUSED_FUNCTION = YES;
				GCC_WARN_UNUSED_VARIABLE = YES;
				IPHONEOS_DEPLOYMENT_TARGET = 15.4;
				MTL_ENABLE_DEBUG_INFO = NO;
				MTL_FAST_MATH = YES;
				SDKROOT = iphoneos;
				SWIFT_COMPILATION_MODE = wholemodule;
				SWIFT_OPTIMIZATION_LEVEL = "-O";
				VALIDATE_PRODUCT = YES;
			};
			name = Release;
		};
		AE921D35270D7B04000E95C6 /* Debug */ = {
			isa = XCBuildConfiguration;
			buildSettings = {
				ASSETCATALOG_COMPILER_APPICON_NAME = AppIcon;
				ASSETCATALOG_COMPILER_GLOBAL_ACCENT_COLOR_NAME = AccentColor;
				CODE_SIGN_IDENTITY = "iPhone Developer";
				CODE_SIGN_STYLE = Automatic;
				CURRENT_PROJECT_VERSION = 2;
				DEVELOPMENT_ASSET_PATHS = "\"ClarifEye/Preview Content\"";
				DEVELOPMENT_TEAM = G68699Q862;
				ENABLE_PREVIEWS = YES;
				GENERATE_INFOPLIST_FILE = YES;
				INFOPLIST_FILE = ClarifEye/Info.plist;
				INFOPLIST_KEY_CFBundleDisplayName = ClarifEye;
				INFOPLIST_KEY_LSApplicationCategoryType = "public.app-category.medical";
				INFOPLIST_KEY_NSCameraUsageDescription = "";
				INFOPLIST_KEY_NSLocationWhenInUseUsageDescription = "";
				INFOPLIST_KEY_NSMicrophoneUsageDescription = "";
				INFOPLIST_KEY_NSPhotoLibraryUsageDescription = "";
				INFOPLIST_KEY_UIApplicationSceneManifest_Generation = YES;
				INFOPLIST_KEY_UIApplicationSupportsIndirectInputEvents = YES;
				INFOPLIST_KEY_UILaunchScreen_Generation = YES;
				INFOPLIST_KEY_UILaunchStoryboardName = "Launch Screen";
				INFOPLIST_KEY_UIMainStoryboardFile = "";
				INFOPLIST_KEY_UIRequiredDeviceCapabilities = armv7;
				INFOPLIST_KEY_UIRequiresFullScreen = YES;
				INFOPLIST_KEY_UIStatusBarHidden = YES;
				INFOPLIST_KEY_UISupportedInterfaceOrientations = "UIInterfaceOrientationPortrait UIInterfaceOrientationPortraitUpsideDown UIInterfaceOrientationLandscapeLeft UIInterfaceOrientationLandscapeRight";
				INFOPLIST_KEY_UISupportedInterfaceOrientations_iPad = "UIInterfaceOrientationPortrait UIInterfaceOrientationPortraitUpsideDown UIInterfaceOrientationLandscapeLeft UIInterfaceOrientationLandscapeRight";
				INFOPLIST_KEY_UISupportedInterfaceOrientations_iPhone = "UIInterfaceOrientationPortrait UIInterfaceOrientationLandscapeLeft UIInterfaceOrientationLandscapeRight";
				IPHONEOS_DEPLOYMENT_TARGET = 16.0;
				LD_RUNPATH_SEARCH_PATHS = (
					"$(inherited)",
					"@executable_path/Frameworks",
				);
				MARKETING_VERSION = 1.0;
				PRODUCT_BUNDLE_IDENTIFIER = com.ClarifEye;
				PRODUCT_NAME = "$(TARGET_NAME)";
				PROVISIONING_PROFILE_SPECIFIER = "";
				SUPPORTED_PLATFORMS = "iphoneos iphonesimulator";
				SUPPORTS_MACCATALYST = NO;
				SUPPORTS_MAC_DESIGNED_FOR_IPHONE_IPAD = NO;
				SWIFT_EMIT_LOC_STRINGS = YES;
				SWIFT_INSTALL_OBJC_HEADER = NO;
				SWIFT_OPTIMIZATION_LEVEL = "-Onone";
				SWIFT_VERSION = 5.0;
				TARGETED_DEVICE_FAMILY = 1;
			};
			name = Debug;
		};
		AE921D36270D7B04000E95C6 /* Release */ = {
			isa = XCBuildConfiguration;
			buildSettings = {
				ASSETCATALOG_COMPILER_APPICON_NAME = AppIcon;
				ASSETCATALOG_COMPILER_GLOBAL_ACCENT_COLOR_NAME = AccentColor;
				CODE_SIGN_IDENTITY = "iPhone Developer";
				CODE_SIGN_STYLE = Automatic;
				CURRENT_PROJECT_VERSION = 2;
				DEVELOPMENT_ASSET_PATHS = "\"ClarifEye/Preview Content\"";
				DEVELOPMENT_TEAM = G68699Q862;
				ENABLE_PREVIEWS = YES;
				GENERATE_INFOPLIST_FILE = YES;
				INFOPLIST_FILE = ClarifEye/Info.plist;
				INFOPLIST_KEY_CFBundleDisplayName = ClarifEye;
				INFOPLIST_KEY_LSApplicationCategoryType = "public.app-category.medical";
				INFOPLIST_KEY_NSCameraUsageDescription = "";
				INFOPLIST_KEY_NSLocationWhenInUseUsageDescription = "";
				INFOPLIST_KEY_NSMicrophoneUsageDescription = "";
				INFOPLIST_KEY_NSPhotoLibraryUsageDescription = "";
				INFOPLIST_KEY_UIApplicationSceneManifest_Generation = YES;
				INFOPLIST_KEY_UIApplicationSupportsIndirectInputEvents = YES;
				INFOPLIST_KEY_UILaunchScreen_Generation = YES;
				INFOPLIST_KEY_UILaunchStoryboardName = "Launch Screen";
				INFOPLIST_KEY_UIMainStoryboardFile = "";
				INFOPLIST_KEY_UIRequiredDeviceCapabilities = armv7;
				INFOPLIST_KEY_UIRequiresFullScreen = YES;
				INFOPLIST_KEY_UIStatusBarHidden = YES;
				INFOPLIST_KEY_UISupportedInterfaceOrientations = "UIInterfaceOrientationPortrait UIInterfaceOrientationPortraitUpsideDown UIInterfaceOrientationLandscapeLeft UIInterfaceOrientationLandscapeRight";
				INFOPLIST_KEY_UISupportedInterfaceOrientations_iPad = "UIInterfaceOrientationPortrait UIInterfaceOrientationPortraitUpsideDown UIInterfaceOrientationLandscapeLeft UIInterfaceOrientationLandscapeRight";
				INFOPLIST_KEY_UISupportedInterfaceOrientations_iPhone = "UIInterfaceOrientationPortrait UIInterfaceOrientationLandscapeLeft UIInterfaceOrientationLandscapeRight";
				IPHONEOS_DEPLOYMENT_TARGET = 16.0;
				LD_RUNPATH_SEARCH_PATHS = (
					"$(inherited)",
					"@executable_path/Frameworks",
				);
				MARKETING_VERSION = 1.0;
				PRODUCT_BUNDLE_IDENTIFIER = com.ClarifEye;
				PRODUCT_NAME = "$(TARGET_NAME)";
				PROVISIONING_PROFILE_SPECIFIER = "";
				SUPPORTED_PLATFORMS = "iphoneos iphonesimulator";
				SUPPORTS_MACCATALYST = NO;
				SUPPORTS_MAC_DESIGNED_FOR_IPHONE_IPAD = NO;
				SWIFT_EMIT_LOC_STRINGS = YES;
				SWIFT_INSTALL_OBJC_HEADER = NO;
				SWIFT_VERSION = 5.0;
				TARGETED_DEVICE_FAMILY = 1;
			};
			name = Release;
		};
/* End XCBuildConfiguration section */

/* Begin XCConfigurationList section */
		AE921D21270D7B02000E95C6 /* Build configuration list for PBXProject "ClarifEye" */ = {
			isa = XCConfigurationList;
			buildConfigurations = (
				AE921D32270D7B04000E95C6 /* Debug */,
				AE921D33270D7B04000E95C6 /* Release */,
			);
			defaultConfigurationIsVisible = 0;
			defaultConfigurationName = Release;
		};
		AE921D34270D7B04000E95C6 /* Build configuration list for PBXNativeTarget "ClarifEye" */ = {
			isa = XCConfigurationList;
			buildConfigurations = (
				AE921D35270D7B04000E95C6 /* Debug */,
				AE921D36270D7B04000E95C6 /* Release */,
			);
			defaultConfigurationIsVisible = 0;
			defaultConfigurationName = Release;
		};
/* End XCConfigurationList section */
	};
	rootObject = AE921D1E270D7B02000E95C6 /* Project object */;
}
